github.com/aymanbagabas/go-udiff v0.4.1 h1:OEIrQ8maEeDBXQDoGCbbTTXYJMYRCRO1fnodZ12Gv5o=
github.com/aymanbagabas/go-udiff v0.4.1/go.mod h1:0L9PGwj20lrtmEMeyw4WKJ/TMyDtvAoK9bf2u/mNo3w=
github.com/davecgh/go-spew v1.1.1 h1:vj9j/u1bqnvCEfJOwUhtlOARqs3+rkHYY13jYWTU97c=
github.com/davecgh/go-spew v1.1.1/go.mod h1:J7Y8YcW2NihsgmVo/mv3lAwl/skON4iLHjSsI+c5H38=
github.com/gorilla/websocket v1.4.1 h1:q7AeDBpnBk8AogcD4DSag/Ukw/KV+YhzLj2bP5HvKCM=
github.com/gorilla/websocket v1.4.1/go.mod h1:YR8l580nyteQvAITg2hZ9XVh4b55+EU/adAjf1fMHhE=
github.com/haya14busa/go-checkstyle v0.0.0-20170303121022-5e9d09f51fa1/go.mod h1:RsN5RGgVYeXpcXNtWyztD5VIe7VNSEqpJvF2iEH7QvI=
github.com/haya14busa/go-sarif v0.0.0-20210102043135-e2c5fed2fa3d/go.mod h1:1Hkn3JseGMB/hv1ywzkapVQDWV3bFgp6POZobZmR/5g=
github.com/pmezard/go-difflib v1.0.0 h1:4DBwDE0NGyQoBHbLQYPwSUPoCMWR5BEzIk/f1lZbAQM=
github.com/pmezard/go-difflib v1.0.0/go.mod h1:iKH77koFhYxTK1pcRnkKkqfTogsbg7gZNVY4sRDYZ/4=
github.com/reviewdog/errorformat v0.0.0-20250320004447-223c26dbe212 h1:vln3OhpVhkYTVwvdVKSqnJ80IGZyc9M7tIesYpfm/UQ=
github.com/reviewdog/errorformat v0.0.0-20250320004447-223c26dbe212/go.mod h1:AqhrP0G7F9YRROF10JQwdd4cNO8bdm6bY6KzcOc3Cp8=
github.com/sourcegraph/jsonrpc2 v0.2.2 h1:fCyU80iidEwcF9kWaj4ylOO1h8pT8P8sFGv8EKemLaw=
github.com/sourcegraph/jsonrpc2 v0.2.2/go.mod h1:ZafdZgk/axhT1cvZAPOhw+95nz2I/Ra5qMlU4gTRwIo=
github.com/stretchr/testify v1.11.1 h1:7s2iGBzp5EwR7/aIZr8ao5+dra3wiQyKjjFuvgVKu7U=
github.com/stretchr/testify v1.11.1/go.mod h1:wZwfW3scLgRK+23gO65QZefKpKQRnfz6sD981Nm4B6U=
gopkg.in/check.v1 v0.0.0-20161208181325-20d25e280405 h1:yhCVgyC4o1eVCa2tZl7eS0r+SDo693bJlVdllGtEeKM=
gopkg.in/check.v1 v0.0.0-20161208181325-20d25e280405/go.mod h1:Co6ibVJAznAaIkqp8huTwlJQCZ016jof/cbN4VW5Yz0=
gopkg.in/yaml.v3 v3.0.1 h1:fxVm/GzAzEWqLHuvctI91KS9hhNmmWOoWu0XTYJS7CA=
gopkg.in/yaml.v3 v3.0.1/go.mod h1:K4uyk7z7BCEPqu6E+C64Yfv1cQ7kz7rIZviUmN+EgEM=
