github.com/aymanbagabas/go-udiff v0.4.1 h1:OEIrQ8maEeDBXQDoGCbbTTXYJMYRCRO1fnodZ12Gv5o=
github.com/aymanbagabas/go-udiff v0.4.1/go.mod h1:0L9PGwj20lrtmEMeyw4WKJ/TMyDtvAoK9bf2u/mNo3w=
github.com/gorilla/websocket v1.4.1 h1:q7AeDBpnBk8AogcD4DSag/Ukw/KV+YhzLj2bP5HvKCM=
github.com/gorilla/websocket v1.4.1/go.mod h1:YR8l580nyteQvAITg2hZ9XVh4b55+EU/adAjf1fMHhE=
github.com/haya14busa/go-checkstyle v0.0.0-20170303121022-5e9d09f51fa1/go.mod h1:RsN5RGgVYeXpcXNtWyztD5VIe7VNSEqpJvF2iEH7QvI=
github.com/haya14busa/go-sarif v0.0.0-20210102043135-e2c5fed2fa3d/go.mod h1:1Hkn3JseGMB/hv1ywzkapVQDWV3bFgp6POZobZmR/5g=
github.com/reviewdog/errorformat v0.0.0-20250320004447-223c26dbe212 h1:vln3OhpVhkYTVwvdVKSqnJ80IGZyc9M7tIesYpfm/UQ=
github.com/reviewdog/errorformat v0.0.0-20250320004447-223c26dbe212/go.mod h1:AqhrP0G7F9YRROF10JQwdd4cNO8bdm6bY6KzcOc3Cp8=
github.com/sourcegraph/jsonrpc2 v0.2.2 h1:fCyU80iidEwcF9kWaj4ylOO1h8pT8P8sFGv8EKemLaw=
github.com/sourcegraph/jsonrpc2 v0.2.2/go.mod h1:ZafdZgk/axhT1cvZAPOhw+95nz2I/Ra5qMlU4gTRwIo=
github.com/stretchr/testify v1.12.0 h1:K6Mr6jO9JICuend/5xzTM03ydSV3vdNRYAdPSukj8uI=
github.com/stretchr/testify v1.12.0/go.mod h1:bOYBZb5qJ00vPzWfIqBUZPaxK8jWiXc6d3ErP4Ca9Gw=
gopkg.in/check.v1 v0.0.0-20161208181325-20d25e280405 h1:yhCVgyC4o1eVCa2tZl7eS0r+SDo693bJlVdllGtEeKM=
gopkg.in/check.v1 v0.0.0-20161208181325-20d25e280405/go.mod h1:Co6ibVJAznAaIkqp8huTwlJQCZ016jof/cbN4VW5Yz0=
gopkg.in/yaml.v3 v3.0.1 h1:fxVm/GzAzEWqLHuvctI91KS9hhNmmWOoWu0XTYJS7CA=
gopkg.in/yaml.v3 v3.0.1/go.mod h1:K4uyk7z7BCEPqu6E+C64Yfv1cQ7kz7rIZviUmN+EgEM=
